
Microsoft Visual Studio Solution File, Format Version 12.00
# Visual Studio 2013
VisualStudioVersion = 12.0.30501.0
MinimumVisualStudioVersion = 10.0.40219.1
Project("{FAE04EC0-301F-11D3-BF4B-00C04F79EFBC}") = "WebApplication1", "WebApplication1\WebApplication1.csproj", "{096A68E8-B06D-4DCD-A617-B8671C652872}"
EndProject
Project("{FAE04EC0-301F-11D3-BF4B-00C04F79EFBC}") = "WebApplication2", "WebApplication2\WebApplication2.csproj", "{A65ED5CB-BE09-4552-A4A5-B180FC75CD8D}"
EndProject
Project("{FAE04EC0-301F-11D3-BF4B-00C04F79EFBC}") = "WebApplication2.Tests", "WebApplication2.Tests\WebApplication2.Tests.csproj", "{66733CD5-1BE0-4B99-BEEE-E7B1DD3CD4C2}"
EndProject
Project("{2150E333-8FDC-42A3-9474-1A3956D46DE8}") = "YW", "YW", "{4FF563A7-9EDA-4620-B794-CD9938C7FB4C}"
EndProject
Project("{FAE04EC0-301F-11D3-BF4B-00C04F79EFBC}") = "DwzDemoCS", "DwzDemoCS\DwzDemoCS.csproj", "{6E0D3C7D-FB5E-444D-8220-069B2F5B1D1E}"
EndProject
Project("{2150E333-8FDC-42A3-9474-1A3956D46DE8}") = ".nuget", ".nuget", "{680C9E3C-DA38-4BB0-8D90-EF40DF7C6422}"
	ProjectSection(SolutionItems) = preProject
		.nuget\packages.config = .nuget\packages.config
	EndProjectSection
EndProject
Project("{FAE04EC0-301F-11D3-BF4B-00C04F79EFBC}") = "AjaxWebApplication3", "WebApplication3\AjaxWebApplication3.csproj", "{F39247A2-349D-4D7F-BCA2-B6D27B34EB61}"
EndProject
Global
	GlobalSection(SolutionConfigurationPlatforms) = preSolution
		Debug|Any CPU = Debug|Any CPU
		Release|Any CPU = Release|Any CPU
	EndGlobalSection
	GlobalSection(ProjectConfigurationPlatforms) = postSolution
		{096A68E8-B06D-4DCD-A617-B8671C652872}.Debug|Any CPU.ActiveCfg = Debug|Any CPU
		{096A68E8-B06D-4DCD-A617-B8671C652872}.Debug|Any CPU.Build.0 = Debug|Any CPU
		{096A68E8-B06D-4DCD-A617-B8671C652872}.Release|Any CPU.ActiveCfg = Release|Any CPU
		{096A68E8-B06D-4DCD-A617-B8671C652872}.Release|Any CPU.Build.0 = Release|Any CPU
		{A65ED5CB-BE09-4552-A4A5-B180FC75CD8D}.Debug|Any CPU.ActiveCfg = Debug|Any CPU
		{A65ED5CB-BE09-4552-A4A5-B180FC75CD8D}.Debug|Any CPU.Build.0 = Debug|Any CPU
		{A65ED5CB-BE09-4552-A4A5-B180FC75CD8D}.Release|Any CPU.ActiveCfg = Release|Any CPU
		{A65ED5CB-BE09-4552-A4A5-B180FC75CD8D}.Release|Any CPU.Build.0 = Release|Any CPU
		{66733CD5-1BE0-4B99-BEEE-E7B1DD3CD4C2}.Debug|Any CPU.ActiveCfg = Debug|Any CPU
		{66733CD5-1BE0-4B99-BEEE-E7B1DD3CD4C2}.Debug|Any CPU.Build.0 = Debug|Any CPU
		{66733CD5-1BE0-4B99-BEEE-E7B1DD3CD4C2}.Release|Any CPU.ActiveCfg = Release|Any CPU
		{66733CD5-1BE0-4B99-BEEE-E7B1DD3CD4C2}.Release|Any CPU.Build.0 = Release|Any CPU
		{6E0D3C7D-FB5E-444D-8220-069B2F5B1D1E}.Debug|Any CPU.ActiveCfg = Debug|Any CPU
		{6E0D3C7D-FB5E-444D-8220-069B2F5B1D1E}.Debug|Any CPU.Build.0 = Debug|Any CPU
		{6E0D3C7D-FB5E-444D-8220-069B2F5B1D1E}.Release|Any CPU.ActiveCfg = Release|Any CPU
		{6E0D3C7D-FB5E-444D-8220-069B2F5B1D1E}.Release|Any CPU.Build.0 = Release|Any CPU
		{F39247A2-349D-4D7F-BCA2-B6D27B34EB61}.Debug|Any CPU.ActiveCfg = Debug|Any CPU
		{F39247A2-349D-4D7F-BCA2-B6D27B34EB61}.Debug|Any CPU.Build.0 = Debug|Any CPU
		{F39247A2-349D-4D7F-BCA2-B6D27B34EB61}.Release|Any CPU.ActiveCfg = Release|Any CPU
		{F39247A2-349D-4D7F-BCA2-B6D27B34EB61}.Release|Any CPU.Build.0 = Release|Any CPU
	EndGlobalSection
	GlobalSection(SolutionProperties) = preSolution
		HideSolutionNode = FALSE
	EndGlobalSection
EndGlobal
